{
  "name": "scn001-selected-slice-workbench",
  "version": "0.1.0",
  "lockfileVersion": 3,
  "requires": true,
  "packages": {
    "": {
      "name": "scn001-selected-slice-workbench",
      "version": "0.1.0",
      "workspaces": [
        "scn001_sut_core",
        "scn001_eval"
      ],
      "engines": {
        "node": ">=22.0.0 <27.0.0"
      }
    },
    "node_modules/@zoey/scn001-eval": {
      "resolved": "scn001_eval",
      "link": true
    },
    "node_modules/@zoey/scn001-sut-core": {
      "resolved": "scn001_sut_core",
      "link": true
    },
    "scn001_eval": {
      "name": "@zoey/scn001-eval",
      "version": "0.1.0",
      "dependencies": {
        "@zoey/scn001-sut-core": "file:../scn001_sut_core"
      }
    },
    "scn001_sut_core": {
      "name": "@zoey/scn001-sut-core",
      "version": "0.1.0"
    }
  }
}
